
Microsoft Visual Studio Solution File, Format Version 12.00
# Visual Studio Version 16
VisualStudioVersion = 16.0.33423.256
MinimumVisualStudioVersion = 10.0.40219.1
Project("{FAE04EC0-301F-11D3-BF4B-00C04F79EFBC}") = "ImmersiveCallouts", "ImmersiveCallouts.csproj", "{B4B55B69-6374-480C-9DAB-D15A06BE0560}"
EndProject
Global
	GlobalSection(SolutionConfigurationPlatforms) = preSolution
		Debug|Any CPU = Debug|Any CPU
		Release|Any CPU = Release|Any CPU
	EndGlobalSection
	GlobalSection(ProjectConfigurationPlatforms) = postSolution
		{B4B55B69-6374-480C-9DAB-D15A06BE0560}.Debug|Any CPU.ActiveCfg = Debug|Any CPU
		{B4B55B69-6374-480C-9DAB-D15A06BE0560}.Debug|Any CPU.Build.0 = Debug|Any CPU
		{B4B55B69-6374-480C-9DAB-D15A06BE0560}.Release|Any CPU.ActiveCfg = Release|Any CPU
		{B4B55B69-6374-480C-9DAB-D15A06BE0560}.Release|Any CPU.Build.0 = Release|Any CPU
	EndGlobalSection
	GlobalSection(SolutionProperties) = preSolution
		HideSolutionNode = FALSE
	EndGlobalSection
	GlobalSection(ExtensibilityGlobals) = postSolution
		SolutionGuid = {72F72180-26C1-40B7-ADA8-239631D88988}
	EndGlobalSection
EndGlobal
